{
    "version": 3,
    "terraform_version": "0.11.1",
    "serial": 5,
    "lineage": "3d045971-f5cb-49f4-8fc8-e490dda81d78",
    "modules": [
        {
            "path": [
                "root"
            ],
            "outputs": {},
            "resources": {
                "google_compute_instance.app": {
                    "type": "google_compute_instance",
                    "depends_on": [],
                    "primary": {
                        "id": "gitlab-ci",
                        "attributes": {
                            "attached_disk.#": "0",
                            "boot_disk.#": "1",
                            "boot_disk.0.auto_delete": "true",
                            "boot_disk.0.device_name": "persistent-disk-0",
                            "boot_disk.0.disk_encryption_key_raw": "",
                            "boot_disk.0.disk_encryption_key_sha256": "",
                            "boot_disk.0.initialize_params.#": "1",
                            "boot_disk.0.initialize_params.0.image": "crawler-app-base",
                            "boot_disk.0.initialize_params.0.size": "0",
                            "boot_disk.0.initialize_params.0.type": "",
                            "boot_disk.0.source": "https://www.googleapis.com/compute/v1/projects/docker-193613/zones/europe-west1-b/disks/gitlab-ci",
                            "can_ip_forward": "false",
                            "cpu_platform": "Intel Skylake",
                            "create_timeout": "4",
                            "guest_accelerator.#": "0",
                            "id": "gitlab-ci",
                            "instance_id": "3673587999818224490",
                            "label_fingerprint": "42WmSpB8rSM=",
                            "machine_type": "n1-standard-1",
                            "metadata.%": "1",
                            "metadata.sshKeys": "appuser:ssh-rsa AAAAB3NzaC1yc2EAAAADAQABAAABAQCrvq1qksGy5ddlUEmJOg4gDnj86imi/DF+2pU+3u7RVzV1FKUIiD9p4BCAkkHmQ/WmshQqRenauYotBO/PTZtcuzFYg89bNeHqYgWRvmrvf7pHHvixJVohLnZ2ekzKdtG3hfpuL/+42sAkpiqaT9cOW+6z2+WfcpeNfMGDL0zFjkTNRnVe7WcqsZuZ7WGkZa7IlllI0lSeZpV3tY6WXqj7GMUDexpkE2RW8oQc3qD9uweVxwZBVv3mYjPCd7Sxt8ykBx9X+gb7u1ABSSkMGJfNyg8e3GZu1QUZpp+jcBL0Ol/KBZjyEievkuTJ5RSF7cmZ4WIhvKuh0f0T9mmXwzg5 appuser\n ",
                            "metadata_fingerprint": "z37b89bU6lQ=",
                            "min_cpu_platform": "",
                            "name": "gitlab-ci",
                            "network_interface.#": "1",
                            "network_interface.0.access_config.#": "1",
                            "network_interface.0.access_config.0.assigned_nat_ip": "35.187.110.133",
                            "network_interface.0.access_config.0.nat_ip": "35.187.110.133",
                            "network_interface.0.address": "10.132.0.3",
                            "network_interface.0.alias_ip_range.#": "0",
                            "network_interface.0.name": "nic0",
                            "network_interface.0.network": "https://www.googleapis.com/compute/v1/projects/docker-193613/global/networks/default",
                            "network_interface.0.network_ip": "10.132.0.3",
                            "network_interface.0.subnetwork": "https://www.googleapis.com/compute/v1/projects/docker-193613/regions/europe-west1/subnetworks/default",
                            "network_interface.0.subnetwork_project": "docker-193613",
                            "project": "docker-193613",
                            "scheduling.#": "1",
                            "scheduling.0.automatic_restart": "true",
                            "scheduling.0.on_host_maintenance": "MIGRATE",
                            "scheduling.0.preemptible": "false",
                            "scratch_disk.#": "0",
                            "self_link": "https://www.googleapis.com/compute/v1/projects/docker-193613/zones/europe-west1-b/instances/gitlab-ci",
                            "service_account.#": "0",
                            "tags_fingerprint": "42WmSpB8rSM=",
                            "zone": "europe-west1-b"
                        },
                        "meta": {
                            "schema_version": "6"
                        },
                        "tainted": false
                    },
                    "deposed": [],
                    "provider": "provider.google"
                }
            },
            "depends_on": []
        }
    ]
}
